{
  "version": 4,
  "terraform_version": "1.1.9",
  "serial": 30,
  "lineage": "bbeacc06-00c5-697d-323f-6bfd69084c5c",
  "outputs": {},
  "resources": [
    {
      "mode": "data",
      "type": "template_file",
      "name": "user_data",
      "provider": "provider[\"registry.terraform.io/hashicorp/template\"]",
      "instances": [
        {
          "schema_version": 0,
          "attributes": {
            "filename": null,
            "id": "e91b8f3abfbd0f95aebc8037aea7c7a7ae639ad32f020e5315a405b7b51a02b4",
            "rendered": "#!/bin/bash\n\n# Update with latest packages\nyum update -y\n\n# Install Apache\nyum install -y httpd mysql php php-mysql php-mysqlnd php-pdo telnet tree git\n\n# Enable Apache service to start after reboot\nsudo systemctl enable httpd\n\n# Config connect to DB\ncat \u003c\u003cEOT \u003e\u003e /var/www/config.php\n\u003c?php\n\ndefine('DB_SERVER', 'rds-db-notifier.cphhdrjeao3z.us-east-1.rds.amazonaws.com');\ndefine('DB_USERNAME', 'admin');\ndefine('DB_PASSWORD', 'adminpwd');\ndefine('DB_DATABASE', 'notifier');\n\n?\u003e\nEOT\n\n# Install application\ncd /tmp\ngit clone https://github.com/kledsonhugo/notifier\ncp /tmp/notifier/public/index.php /var/www/html/\n\n# Start Apache service\nservice httpd restart",
            "template": "#!/bin/bash\n\n# Update with latest packages\nyum update -y\n\n# Install Apache\nyum install -y httpd mysql php php-mysql php-mysqlnd php-pdo telnet tree git\n\n# Enable Apache service to start after reboot\nsudo systemctl enable httpd\n\n# Config connect to DB\ncat \u003c\u003cEOT \u003e\u003e /var/www/config.php\n\u003c?php\n\ndefine('DB_SERVER', 'rds-db-notifier.cphhdrjeao3z.us-east-1.rds.amazonaws.com');\ndefine('DB_USERNAME', 'admin');\ndefine('DB_PASSWORD', 'adminpwd');\ndefine('DB_DATABASE', 'notifier');\n\n?\u003e\nEOT\n\n# Install application\ncd /tmp\ngit clone https://github.com/kledsonhugo/notifier\ncp /tmp/notifier/public/index.php /var/www/html/\n\n# Start Apache service\nservice httpd restart",
            "vars": null
          },
          "sensitive_attributes": []
        }
      ]
    },
    {
      "mode": "managed",
      "type": "aws_autoscaling_group",
      "name": "asg_app_notify",
      "provider": "provider[\"registry.terraform.io/hashicorp/aws\"]",
      "instances": [
        {
          "schema_version": 0,
          "attributes": {
            "arn": "arn:aws:autoscaling:us-east-1:366345536155:autoScalingGroup:90d8fdd3-448b-4c2e-a795-13df06ee0df8:autoScalingGroupName/asg_app_notify",
            "availability_zones": [
              "us-east-1a",
              "us-east-1c"
            ],
            "capacity_rebalance": false,
            "default_cooldown": 300,
            "desired_capacity": 2,
            "enabled_metrics": [],
            "force_delete": false,
            "force_delete_warm_pool": false,
            "health_check_grace_period": 300,
            "health_check_type": "EC2",
            "id": "asg_app_notify",
            "initial_lifecycle_hook": [],
            "instance_refresh": [],
            "launch_configuration": "",
            "launch_template": [
              {
                "id": "lt-0ae69b4e1b1660c1f",
                "name": "lt_app_notify",
                "version": "$Latest"
              }
            ],
            "load_balancers": [],
            "max_instance_lifetime": 0,
            "max_size": 4,
            "metrics_granularity": "1Minute",
            "min_elb_capacity": null,
            "min_size": 1,
            "mixed_instances_policy": [],
            "name": "asg_app_notify",
            "name_prefix": "",
            "placement_group": "",
            "protect_from_scale_in": false,
            "service_linked_role_arn": "arn:aws:iam::366345536155:role/aws-service-role/autoscaling.amazonaws.com/AWSServiceRoleForAutoScaling",
            "suspended_processes": [],
            "tag": [],
            "tags": null,
            "target_group_arns": [
              "arn:aws:elasticloadbalancing:us-east-1:366345536155:targetgroup/tg-app-notify/0470001213ad4ca3"
            ],
            "termination_policies": [],
            "timeouts": null,
            "vpc_zone_identifier": [
              "subnet-0892ac4e4edc1ee53",
              "subnet-0e09faf6c32c60785"
            ],
            "wait_for_capacity_timeout": "10m",
            "wait_for_elb_capacity": null,
            "warm_pool": []
          },
          "sensitive_attributes": [],
          "private": "eyJlMmJmYjczMC1lY2FhLTExZTYtOGY4OC0zNDM2M2JjN2M0YzAiOnsiZGVsZXRlIjo2MDAwMDAwMDAwMDB9fQ==",
          "dependencies": [
            "aws_launch_template.lt_app_notify",
            "aws_lb_target_group.tg_app_notify",
            "aws_security_group.sg_vpc10_pub",
            "aws_subnet.sn_vpc10_pub_1a",
            "aws_subnet.sn_vpc10_pub_1c",
            "aws_vpc.vpc10",
            "data.template_file.user_data"
          ]
        }
      ]
    },
    {
      "mode": "managed",
      "type": "aws_db_instance",
      "name": "rds_db_notifier",
      "provider": "provider[\"registry.terraform.io/hashicorp/aws\"]",
      "instances": [
        {
          "schema_version": 1,
          "attributes": {
            "address": "rds-db-notifier.cphhdrjeao3z.us-east-1.rds.amazonaws.com",
            "allocated_storage": 20,
            "allow_major_version_upgrade": null,
            "apply_immediately": null,
            "arn": "arn:aws:rds:us-east-1:366345536155:db:rds-db-notifier",
            "auto_minor_version_upgrade": true,
            "availability_zone": "us-east-1a",
            "backup_retention_period": 0,
            "backup_window": "09:24-09:54",
            "ca_cert_identifier": "rds-ca-2019",
            "character_set_name": "",
            "copy_tags_to_snapshot": false,
            "customer_owned_ip_enabled": false,
            "db_subnet_group_name": "sg-vpc10-rds",
            "delete_automated_backups": true,
            "deletion_protection": false,
            "domain": "",
            "domain_iam_role_name": "",
            "enabled_cloudwatch_logs_exports": [],
            "endpoint": "rds-db-notifier.cphhdrjeao3z.us-east-1.rds.amazonaws.com:3306",
            "engine": "mysql",
            "engine_version": "8.0.23",
            "engine_version_actual": "8.0.23",
            "final_snapshot_identifier": null,
            "hosted_zone_id": "Z2R2ITUGPM61AM",
            "iam_database_authentication_enabled": false,
            "id": "rds-db-notifier",
            "identifier": "rds-db-notifier",
            "identifier_prefix": null,
            "instance_class": "db.t3.small",
            "iops": 0,
            "kms_key_id": "",
            "latest_restorable_time": "0001-01-01T00:00:00Z",
            "license_model": "general-public-license",
            "maintenance_window": "wed:08:25-wed:08:55",
            "max_allocated_storage": 0,
            "monitoring_interval": 0,
            "monitoring_role_arn": "",
            "multi_az": false,
            "name": "notifier",
            "nchar_character_set_name": "",
            "option_group_name": "default:mysql-8-0",
            "parameter_group_name": "pg-vpc10-db-rds",
            "password": "adminpwd",
            "performance_insights_enabled": false,
            "performance_insights_kms_key_id": "",
            "performance_insights_retention_period": 0,
            "port": 3306,
            "publicly_accessible": false,
            "replica_mode": "",
            "replicas": [],
            "replicate_source_db": "",
            "resource_id": "db-N4YTEEVDFQTYZPFMOA5IKOTYSA",
            "restore_to_point_in_time": [],
            "s3_import": [],
            "security_group_names": [],
            "skip_final_snapshot": true,
            "snapshot_identifier": null,
            "status": "available",
            "storage_encrypted": false,
            "storage_type": "gp2",
            "tags": {
              "Name": "RDS Notifier"
            },
            "tags_all": {
              "Name": "RDS Notifier"
            },
            "timeouts": null,
            "timezone": "",
            "username": "admin",
            "vpc_security_group_ids": [
              "sg-0a01599eaef4580ba"
            ]
          },
          "sensitive_attributes": [],
          "private": "eyJlMmJmYjczMC1lY2FhLTExZTYtOGY4OC0zNDM2M2JjN2M0YzAiOnsiY3JlYXRlIjoyNDAwMDAwMDAwMDAwLCJkZWxldGUiOjM2MDAwMDAwMDAwMDAsInVwZGF0ZSI6NDgwMDAwMDAwMDAwMH0sInNjaGVtYV92ZXJzaW9uIjoiMSJ9",
          "dependencies": [
            "aws_db_parameter_group.pg_vpc10_db_rds",
            "aws_db_subnet_group.sg_vpc10_rds",
            "aws_security_group.sg_vpc10_priv",
            "aws_subnet.sn_vpc10_priv_1a",
            "aws_subnet.sn_vpc10_priv_1c",
            "aws_vpc.vpc10"
          ]
        }
      ]
    },
    {
      "mode": "managed",
      "type": "aws_db_parameter_group",
      "name": "pg_vpc10_db_rds",
      "provider": "provider[\"registry.terraform.io/hashicorp/aws\"]",
      "instances": [
        {
          "schema_version": 0,
          "attributes": {
            "arn": "arn:aws:rds:us-east-1:366345536155:pg:pg-vpc10-db-rds",
            "description": "Managed by Terraform",
            "family": "mysql8.0",
            "id": "pg-vpc10-db-rds",
            "name": "pg-vpc10-db-rds",
            "name_prefix": null,
            "parameter": [
              {
                "apply_method": "immediate",
                "name": "character_set_database",
                "value": "utf8"
              },
              {
                "apply_method": "immediate",
                "name": "character_set_server",
                "value": "utf8"
              }
            ],
            "tags": {},
            "tags_all": {}
          },
          "sensitive_attributes": [],
          "private": "bnVsbA=="
        }
      ]
    },
    {
      "mode": "managed",
      "type": "aws_db_subnet_group",
      "name": "sg_vpc10_rds",
      "provider": "provider[\"registry.terraform.io/hashicorp/aws\"]",
      "instances": [
        {
          "schema_version": 0,
          "attributes": {
            "arn": "arn:aws:rds:us-east-1:366345536155:subgrp:sg-vpc10-rds",
            "description": "Managed by Terraform",
            "id": "sg-vpc10-rds",
            "name": "sg-vpc10-rds",
            "name_prefix": null,
            "subnet_ids": [
              "subnet-01c09ef05f17a45d6",
              "subnet-04d8d852d25e05f90"
            ],
            "tags": {
              "Name": "Subnet RDS to Priv Subnet AZ 1a - 1c"
            },
            "tags_all": {
              "Name": "Subnet RDS to Priv Subnet AZ 1a - 1c"
            }
          },
          "sensitive_attributes": [],
          "private": "bnVsbA==",
          "dependencies": [
            "aws_subnet.sn_vpc10_priv_1a",
            "aws_subnet.sn_vpc10_priv_1c",
            "aws_vpc.vpc10"
          ]
        }
      ]
    },
    {
      "mode": "managed",
      "type": "aws_internet_gateway",
      "name": "igw_vpc10",
      "provider": "provider[\"registry.terraform.io/hashicorp/aws\"]",
      "instances": [
        {
          "schema_version": 0,
          "attributes": {
            "arn": "arn:aws:ec2:us-east-1:366345536155:internet-gateway/igw-0be6acf6114f3ac60",
            "id": "igw-0be6acf6114f3ac60",
            "owner_id": "366345536155",
            "tags": {
              "Name": "Internet Gateway VPC 10"
            },
            "tags_all": {
              "Name": "Internet Gateway VPC 10"
            },
            "vpc_id": "vpc-0a68414df1bed32da"
          },
          "sensitive_attributes": [],
          "private": "bnVsbA==",
          "dependencies": [
            "aws_vpc.vpc10"
          ]
        }
      ]
    },
    {
      "mode": "managed",
      "type": "aws_launch_template",
      "name": "lt_app_notify",
      "provider": "provider[\"registry.terraform.io/hashicorp/aws\"]",
      "instances": [
        {
          "schema_version": 0,
          "attributes": {
            "arn": "arn:aws:ec2:us-east-1:366345536155:launch-template/lt-0ae69b4e1b1660c1f",
            "block_device_mappings": [],
            "capacity_reservation_specification": [],
            "cpu_options": [],
            "credit_specification": [],
            "default_version": 1,
            "description": "",
            "disable_api_termination": false,
            "ebs_optimized": "",
            "elastic_gpu_specifications": [],
            "elastic_inference_accelerator": [],
            "enclave_options": [],
            "hibernation_options": [],
            "iam_instance_profile": [],
            "id": "lt-0ae69b4e1b1660c1f",
            "image_id": "ami-02e136e904f3da870",
            "instance_initiated_shutdown_behavior": "",
            "instance_market_options": [],
            "instance_type": "t2.micro",
            "kernel_id": "",
            "key_name": "key",
            "latest_version": 3,
            "license_specification": [],
            "metadata_options": [],
            "monitoring": [],
            "name": "lt_app_notify",
            "name_prefix": "",
            "network_interfaces": [],
            "placement": [],
            "ram_disk_id": "",
            "security_group_names": [],
            "tag_specifications": [
              {
                "resource_type": "instance",
                "tags": {
                  "Name": "app_notify"
                }
              }
            ],
            "tags": {
              "Name": "lt_app_notify"
            },
            "tags_all": {
              "Name": "lt_app_notify"
            },
            "update_default_version": null,
            "user_data": "IyEvYmluL2Jhc2gKCiMgVXBkYXRlIHdpdGggbGF0ZXN0IHBhY2thZ2VzCnl1bSB1cGRhdGUgLXkKCiMgSW5zdGFsbCBBcGFjaGUKeXVtIGluc3RhbGwgLXkgaHR0cGQgbXlzcWwgcGhwIHBocC1teXNxbCBwaHAtbXlzcWxuZCBwaHAtcGRvIHRlbG5ldCB0cmVlIGdpdAoKIyBFbmFibGUgQXBhY2hlIHNlcnZpY2UgdG8gc3RhcnQgYWZ0ZXIgcmVib290CnN1ZG8gc3lzdGVtY3RsIGVuYWJsZSBodHRwZAoKIyBDb25maWcgY29ubmVjdCB0byBEQgpjYXQgPDxFT1QgPj4gL3Zhci93d3cvY29uZmlnLnBocAo8P3BocAoKZGVmaW5lKCdEQl9TRVJWRVInLCAncmRzLWRiLW5vdGlmaWVyLmNwaGhkcmplYW8zei51cy1lYXN0LTEucmRzLmFtYXpvbmF3cy5jb20nKTsKZGVmaW5lKCdEQl9VU0VSTkFNRScsICdhZG1pbicpOwpkZWZpbmUoJ0RCX1BBU1NXT1JEJywgJ2FkbWlucHdkJyk7CmRlZmluZSgnREJfREFUQUJBU0UnLCAnbm90aWZpZXInKTsKCj8+CkVPVAoKIyBJbnN0YWxsIGFwcGxpY2F0aW9uCmNkIC90bXAKZ2l0IGNsb25lIGh0dHBzOi8vZ2l0aHViLmNvbS9rbGVkc29uaHVnby9ub3RpZmllcgpjcCAvdG1wL25vdGlmaWVyL3B1YmxpYy9pbmRleC5waHAgL3Zhci93d3cvaHRtbC8KCiMgU3RhcnQgQXBhY2hlIHNlcnZpY2UKc2VydmljZSBodHRwZCByZXN0YXJ0",
            "vpc_security_group_ids": [
              "sg-0b61ded3bfef65351"
            ]
          },
          "sensitive_attributes": [],
          "private": "bnVsbA==",
          "dependencies": [
            "aws_security_group.sg_vpc10_pub",
            "data.template_file.user_data"
          ]
        }
      ]
    },
    {
      "mode": "managed",
      "type": "aws_lb",
      "name": "lb_app_notify",
      "provider": "provider[\"registry.terraform.io/hashicorp/aws\"]",
      "instances": [
        {
          "schema_version": 0,
          "attributes": {
            "access_logs": [
              {
                "bucket": "",
                "enabled": false,
                "prefix": ""
              }
            ],
            "arn": "arn:aws:elasticloadbalancing:us-east-1:366345536155:loadbalancer/app/lb-app-notify/574cf0f776444c4c",
            "arn_suffix": "app/lb-app-notify/574cf0f776444c4c",
            "customer_owned_ipv4_pool": "",
            "desync_mitigation_mode": "defensive",
            "dns_name": "lb-app-notify-1577965072.us-east-1.elb.amazonaws.com",
            "drop_invalid_header_fields": false,
            "enable_cross_zone_load_balancing": null,
            "enable_deletion_protection": false,
            "enable_http2": true,
            "enable_waf_fail_open": false,
            "id": "arn:aws:elasticloadbalancing:us-east-1:366345536155:loadbalancer/app/lb-app-notify/574cf0f776444c4c",
            "idle_timeout": 60,
            "internal": false,
            "ip_address_type": "ipv4",
            "load_balancer_type": "application",
            "name": "lb-app-notify",
            "name_prefix": null,
            "security_groups": [
              "sg-0b61ded3bfef65351"
            ],
            "subnet_mapping": [
              {
                "allocation_id": "",
                "ipv6_address": "",
                "outpost_id": "",
                "private_ipv4_address": "",
                "subnet_id": "subnet-0892ac4e4edc1ee53"
              },
              {
                "allocation_id": "",
                "ipv6_address": "",
                "outpost_id": "",
                "private_ipv4_address": "",
                "subnet_id": "subnet-0e09faf6c32c60785"
              }
            ],
            "subnets": [
              "subnet-0892ac4e4edc1ee53",
              "subnet-0e09faf6c32c60785"
            ],
            "tags": {
              "Name": "lb_app_notify"
            },
            "tags_all": {
              "Name": "lb_app_notify"
            },
            "timeouts": null,
            "vpc_id": "vpc-0a68414df1bed32da",
            "zone_id": "Z35SXDOTRQ7X7K"
          },
          "sensitive_attributes": [],
          "private": "eyJlMmJmYjczMC1lY2FhLTExZTYtOGY4OC0zNDM2M2JjN2M0YzAiOnsiY3JlYXRlIjo2MDAwMDAwMDAwMDAsImRlbGV0ZSI6NjAwMDAwMDAwMDAwLCJ1cGRhdGUiOjYwMDAwMDAwMDAwMH19",
          "dependencies": [
            "aws_security_group.sg_vpc10_pub",
            "aws_subnet.sn_vpc10_pub_1a",
            "aws_subnet.sn_vpc10_pub_1c",
            "aws_vpc.vpc10"
          ]
        }
      ]
    },
    {
      "mode": "managed",
      "type": "aws_lb_listener",
      "name": "listener_app_notify",
      "provider": "provider[\"registry.terraform.io/hashicorp/aws\"]",
      "instances": [
        {
          "schema_version": 0,
          "attributes": {
            "alpn_policy": null,
            "arn": "arn:aws:elasticloadbalancing:us-east-1:366345536155:listener/app/lb-app-notify/574cf0f776444c4c/56330d91ae3428a9",
            "certificate_arn": null,
            "default_action": [
              {
                "authenticate_cognito": [],
                "authenticate_oidc": [],
                "fixed_response": [],
                "forward": [],
                "order": 1,
                "redirect": [],
                "target_group_arn": "arn:aws:elasticloadbalancing:us-east-1:366345536155:targetgroup/tg-app-notify/0470001213ad4ca3",
                "type": "forward"
              }
            ],
            "id": "arn:aws:elasticloadbalancing:us-east-1:366345536155:listener/app/lb-app-notify/574cf0f776444c4c/56330d91ae3428a9",
            "load_balancer_arn": "arn:aws:elasticloadbalancing:us-east-1:366345536155:loadbalancer/app/lb-app-notify/574cf0f776444c4c",
            "port": 80,
            "protocol": "HTTP",
            "ssl_policy": "",
            "tags": {},
            "tags_all": {},
            "timeouts": null
          },
          "sensitive_attributes": [],
          "private": "eyJlMmJmYjczMC1lY2FhLTExZTYtOGY4OC0zNDM2M2JjN2M0YzAiOnsicmVhZCI6NjAwMDAwMDAwMDAwfX0=",
          "dependencies": [
            "aws_lb.lb_app_notify",
            "aws_lb_target_group.tg_app_notify",
            "aws_security_group.sg_vpc10_pub",
            "aws_subnet.sn_vpc10_pub_1a",
            "aws_subnet.sn_vpc10_pub_1c",
            "aws_vpc.vpc10"
          ]
        }
      ]
    },
    {
      "mode": "managed",
      "type": "aws_lb_target_group",
      "name": "tg_app_notify",
      "provider": "provider[\"registry.terraform.io/hashicorp/aws\"]",
      "instances": [
        {
          "schema_version": 0,
          "attributes": {
            "arn": "arn:aws:elasticloadbalancing:us-east-1:366345536155:targetgroup/tg-app-notify/0470001213ad4ca3",
            "arn_suffix": "targetgroup/tg-app-notify/0470001213ad4ca3",
            "connection_termination": false,
            "deregistration_delay": "300",
            "health_check": [
              {
                "enabled": true,
                "healthy_threshold": 5,
                "interval": 30,
                "matcher": "200",
                "path": "/",
                "port": "traffic-port",
                "protocol": "HTTP",
                "timeout": 5,
                "unhealthy_threshold": 2
              }
            ],
            "id": "arn:aws:elasticloadbalancing:us-east-1:366345536155:targetgroup/tg-app-notify/0470001213ad4ca3",
            "lambda_multi_value_headers_enabled": false,
            "load_balancing_algorithm_type": "round_robin",
            "name": "tg-app-notify",
            "name_prefix": null,
            "port": 80,
            "preserve_client_ip": null,
            "protocol": "HTTP",
            "protocol_version": "HTTP1",
            "proxy_protocol_v2": false,
            "slow_start": 0,
            "stickiness": [
              {
                "cookie_duration": 86400,
                "cookie_name": "",
                "enabled": false,
                "type": "lb_cookie"
              }
            ],
            "tags": {
              "Name": "tg_app_notify"
            },
            "tags_all": {
              "Name": "tg_app_notify"
            },
            "target_type": "instance",
            "vpc_id": "vpc-0a68414df1bed32da"
          },
          "sensitive_attributes": [],
          "private": "bnVsbA==",
          "dependencies": [
            "aws_vpc.vpc10"
          ]
        }
      ]
    },
    {
      "mode": "managed",
      "type": "aws_route_table",
      "name": "Private_Route_Table",
      "provider": "provider[\"registry.terraform.io/hashicorp/aws\"]",
      "instances": [
        {
          "schema_version": 0,
          "attributes": {
            "arn": "arn:aws:ec2:us-east-1:366345536155:route-table/rtb-0eb4251ac0ce61d98",
            "id": "rtb-0eb4251ac0ce61d98",
            "owner_id": "366345536155",
            "propagating_vgws": [],
            "route": [],
            "tags": {
              "Name": "Private Route Table"
            },
            "tags_all": {
              "Name": "Private Route Table"
            },
            "timeouts": null,
            "vpc_id": "vpc-0a68414df1bed32da"
          },
          "sensitive_attributes": [],
          "private": "eyJlMmJmYjczMC1lY2FhLTExZTYtOGY4OC0zNDM2M2JjN2M0YzAiOnsiY3JlYXRlIjozMDAwMDAwMDAwMDAsImRlbGV0ZSI6MzAwMDAwMDAwMDAwLCJ1cGRhdGUiOjEyMDAwMDAwMDAwMH19",
          "dependencies": [
            "aws_vpc.vpc10"
          ]
        }
      ]
    },
    {
      "mode": "managed",
      "type": "aws_route_table",
      "name": "Public_Route_Table",
      "provider": "provider[\"registry.terraform.io/hashicorp/aws\"]",
      "instances": [
        {
          "schema_version": 0,
          "attributes": {
            "arn": "arn:aws:ec2:us-east-1:366345536155:route-table/rtb-0259fe3f15bcb7ca6",
            "id": "rtb-0259fe3f15bcb7ca6",
            "owner_id": "366345536155",
            "propagating_vgws": [],
            "route": [
              {
                "carrier_gateway_id": "",
                "cidr_block": "0.0.0.0/0",
                "destination_prefix_list_id": "",
                "egress_only_gateway_id": "",
                "gateway_id": "igw-0be6acf6114f3ac60",
                "instance_id": "",
                "ipv6_cidr_block": "",
                "local_gateway_id": "",
                "nat_gateway_id": "",
                "network_interface_id": "",
                "transit_gateway_id": "",
                "vpc_endpoint_id": "",
                "vpc_peering_connection_id": ""
              }
            ],
            "tags": {
              "Name": "Public Route Table"
            },
            "tags_all": {
              "Name": "Public Route Table"
            },
            "timeouts": null,
            "vpc_id": "vpc-0a68414df1bed32da"
          },
          "sensitive_attributes": [],
          "private": "eyJlMmJmYjczMC1lY2FhLTExZTYtOGY4OC0zNDM2M2JjN2M0YzAiOnsiY3JlYXRlIjozMDAwMDAwMDAwMDAsImRlbGV0ZSI6MzAwMDAwMDAwMDAwLCJ1cGRhdGUiOjEyMDAwMDAwMDAwMH19",
          "dependencies": [
            "aws_internet_gateway.igw_vpc10",
            "aws_vpc.vpc10"
          ]
        }
      ]
    },
    {
      "mode": "managed",
      "type": "aws_route_table_association",
      "name": "Assoc_1_Pub_a",
      "provider": "provider[\"registry.terraform.io/hashicorp/aws\"]",
      "instances": [
        {
          "schema_version": 0,
          "attributes": {
            "gateway_id": "",
            "id": "rtbassoc-02ec6174a33a992c1",
            "route_table_id": "rtb-0259fe3f15bcb7ca6",
            "subnet_id": "subnet-0e09faf6c32c60785"
          },
          "sensitive_attributes": [],
          "private": "bnVsbA==",
          "dependencies": [
            "aws_internet_gateway.igw_vpc10",
            "aws_route_table.Public_Route_Table",
            "aws_subnet.sn_vpc10_pub_1a",
            "aws_vpc.vpc10"
          ]
        }
      ]
    },
    {
      "mode": "managed",
      "type": "aws_route_table_association",
      "name": "Assoc_1_Pub_c",
      "provider": "provider[\"registry.terraform.io/hashicorp/aws\"]",
      "instances": [
        {
          "schema_version": 0,
          "attributes": {
            "gateway_id": "",
            "id": "rtbassoc-0b46041df70b0d938",
            "route_table_id": "rtb-0259fe3f15bcb7ca6",
            "subnet_id": "subnet-0892ac4e4edc1ee53"
          },
          "sensitive_attributes": [],
          "private": "bnVsbA==",
          "dependencies": [
            "aws_internet_gateway.igw_vpc10",
            "aws_route_table.Public_Route_Table",
            "aws_subnet.sn_vpc10_pub_1c",
            "aws_vpc.vpc10"
          ]
        }
      ]
    },
    {
      "mode": "managed",
      "type": "aws_route_table_association",
      "name": "Assoc_2_Priv_a",
      "provider": "provider[\"registry.terraform.io/hashicorp/aws\"]",
      "instances": [
        {
          "schema_version": 0,
          "attributes": {
            "gateway_id": "",
            "id": "rtbassoc-0b91f4a03c877c553",
            "route_table_id": "rtb-0eb4251ac0ce61d98",
            "subnet_id": "subnet-04d8d852d25e05f90"
          },
          "sensitive_attributes": [],
          "private": "bnVsbA==",
          "dependencies": [
            "aws_route_table.Private_Route_Table",
            "aws_subnet.sn_vpc10_priv_1a",
            "aws_vpc.vpc10"
          ]
        }
      ]
    },
    {
      "mode": "managed",
      "type": "aws_route_table_association",
      "name": "Assoc_2_Priv_c",
      "provider": "provider[\"registry.terraform.io/hashicorp/aws\"]",
      "instances": [
        {
          "schema_version": 0,
          "attributes": {
            "gateway_id": "",
            "id": "rtbassoc-07f2040174e34e32c",
            "route_table_id": "rtb-0eb4251ac0ce61d98",
            "subnet_id": "subnet-01c09ef05f17a45d6"
          },
          "sensitive_attributes": [],
          "private": "bnVsbA==",
          "dependencies": [
            "aws_route_table.Private_Route_Table",
            "aws_subnet.sn_vpc10_priv_1c",
            "aws_vpc.vpc10"
          ]
        }
      ]
    },
    {
      "mode": "managed",
      "type": "aws_security_group",
      "name": "sg_vpc10_priv",
      "provider": "provider[\"registry.terraform.io/hashicorp/aws\"]",
      "instances": [
        {
          "schema_version": 1,
          "attributes": {
            "arn": "arn:aws:ec2:us-east-1:366345536155:security-group/sg-0a01599eaef4580ba",
            "description": "Grupo de Seguranca Private Network",
            "egress": [
              {
                "cidr_blocks": [
                  "0.0.0.0/0"
                ],
                "description": "All to All",
                "from_port": 0,
                "ipv6_cidr_blocks": [],
                "prefix_list_ids": [],
                "protocol": "-1",
                "security_groups": [],
                "self": false,
                "to_port": 0
              }
            ],
            "id": "sg-0a01599eaef4580ba",
            "ingress": [
              {
                "cidr_blocks": [
                  "10.0.0.0/16"
                ],
                "description": "All from 10.0.0.0/16",
                "from_port": 3306,
                "ipv6_cidr_blocks": [],
                "prefix_list_ids": [],
                "protocol": "tcp",
                "security_groups": [],
                "self": false,
                "to_port": 3306
              }
            ],
            "name": "Private_Security_Group",
            "name_prefix": "",
            "owner_id": "366345536155",
            "revoke_rules_on_delete": false,
            "tags": {
              "Name": "Security Group Private SN"
            },
            "tags_all": {
              "Name": "Security Group Private SN"
            },
            "timeouts": null,
            "vpc_id": "vpc-0a68414df1bed32da"
          },
          "sensitive_attributes": [],
          "private": "eyJlMmJmYjczMC1lY2FhLTExZTYtOGY4OC0zNDM2M2JjN2M0YzAiOnsiY3JlYXRlIjo2MDAwMDAwMDAwMDAsImRlbGV0ZSI6OTAwMDAwMDAwMDAwfSwic2NoZW1hX3ZlcnNpb24iOiIxIn0=",
          "dependencies": [
            "aws_vpc.vpc10"
          ]
        }
      ]
    },
    {
      "mode": "managed",
      "type": "aws_security_group",
      "name": "sg_vpc10_pub",
      "provider": "provider[\"registry.terraform.io/hashicorp/aws\"]",
      "instances": [
        {
          "schema_version": 1,
          "attributes": {
            "arn": "arn:aws:ec2:us-east-1:366345536155:security-group/sg-0b61ded3bfef65351",
            "description": "Grupo de Seguranca Public Network",
            "egress": [
              {
                "cidr_blocks": [
                  "0.0.0.0/0"
                ],
                "description": "All to All",
                "from_port": 0,
                "ipv6_cidr_blocks": [],
                "prefix_list_ids": [],
                "protocol": "-1",
                "security_groups": [],
                "self": false,
                "to_port": 0
              }
            ],
            "id": "sg-0b61ded3bfef65351",
            "ingress": [
              {
                "cidr_blocks": [
                  "0.0.0.0/0"
                ],
                "description": "TCP/22 from All",
                "from_port": 22,
                "ipv6_cidr_blocks": [],
                "prefix_list_ids": [],
                "protocol": "tcp",
                "security_groups": [],
                "self": false,
                "to_port": 22
              },
              {
                "cidr_blocks": [
                  "0.0.0.0/0"
                ],
                "description": "TCP/80 from All",
                "from_port": 80,
                "ipv6_cidr_blocks": [],
                "prefix_list_ids": [],
                "protocol": "tcp",
                "security_groups": [],
                "self": false,
                "to_port": 80
              },
              {
                "cidr_blocks": [
                  "10.0.0.0/16"
                ],
                "description": "All from 10.0.0.0/16",
                "from_port": 0,
                "ipv6_cidr_blocks": [],
                "prefix_list_ids": [],
                "protocol": "-1",
                "security_groups": [],
                "self": false,
                "to_port": 0
              }
            ],
            "name": "Public_Security_Group",
            "name_prefix": "",
            "owner_id": "366345536155",
            "revoke_rules_on_delete": false,
            "tags": {
              "Name": "Security Group Public SN"
            },
            "tags_all": {
              "Name": "Security Group Public SN"
            },
            "timeouts": null,
            "vpc_id": "vpc-0a68414df1bed32da"
          },
          "sensitive_attributes": [],
          "private": "eyJlMmJmYjczMC1lY2FhLTExZTYtOGY4OC0zNDM2M2JjN2M0YzAiOnsiY3JlYXRlIjo2MDAwMDAwMDAwMDAsImRlbGV0ZSI6OTAwMDAwMDAwMDAwfSwic2NoZW1hX3ZlcnNpb24iOiIxIn0=",
          "dependencies": [
            "aws_vpc.vpc10"
          ]
        }
      ]
    },
    {
      "mode": "managed",
      "type": "aws_subnet",
      "name": "sn_vpc10_priv_1a",
      "provider": "provider[\"registry.terraform.io/hashicorp/aws\"]",
      "instances": [
        {
          "schema_version": 1,
          "attributes": {
            "arn": "arn:aws:ec2:us-east-1:366345536155:subnet/subnet-04d8d852d25e05f90",
            "assign_ipv6_address_on_creation": false,
            "availability_zone": "us-east-1a",
            "availability_zone_id": "use1-az1",
            "cidr_block": "10.0.3.0/24",
            "customer_owned_ipv4_pool": "",
            "enable_dns64": false,
            "enable_resource_name_dns_a_record_on_launch": false,
            "enable_resource_name_dns_aaaa_record_on_launch": false,
            "id": "subnet-04d8d852d25e05f90",
            "ipv6_cidr_block": "",
            "ipv6_cidr_block_association_id": "",
            "ipv6_native": false,
            "map_customer_owned_ip_on_launch": false,
            "map_public_ip_on_launch": true,
            "outpost_arn": "",
            "owner_id": "366345536155",
            "private_dns_hostname_type_on_launch": "ip-name",
            "tags": {
              "Name": "Private Subnet East 1A"
            },
            "tags_all": {
              "Name": "Private Subnet East 1A"
            },
            "timeouts": null,
            "vpc_id": "vpc-0a68414df1bed32da"
          },
          "sensitive_attributes": [],
          "private": "eyJlMmJmYjczMC1lY2FhLTExZTYtOGY4OC0zNDM2M2JjN2M0YzAiOnsiY3JlYXRlIjo2MDAwMDAwMDAwMDAsImRlbGV0ZSI6MTIwMDAwMDAwMDAwMH0sInNjaGVtYV92ZXJzaW9uIjoiMSJ9",
          "dependencies": [
            "aws_vpc.vpc10"
          ]
        }
      ]
    },
    {
      "mode": "managed",
      "type": "aws_subnet",
      "name": "sn_vpc10_priv_1c",
      "provider": "provider[\"registry.terraform.io/hashicorp/aws\"]",
      "instances": [
        {
          "schema_version": 1,
          "attributes": {
            "arn": "arn:aws:ec2:us-east-1:366345536155:subnet/subnet-01c09ef05f17a45d6",
            "assign_ipv6_address_on_creation": false,
            "availability_zone": "us-east-1c",
            "availability_zone_id": "use1-az4",
            "cidr_block": "10.0.4.0/24",
            "customer_owned_ipv4_pool": "",
            "enable_dns64": false,
            "enable_resource_name_dns_a_record_on_launch": false,
            "enable_resource_name_dns_aaaa_record_on_launch": false,
            "id": "subnet-01c09ef05f17a45d6",
            "ipv6_cidr_block": "",
            "ipv6_cidr_block_association_id": "",
            "ipv6_native": false,
            "map_customer_owned_ip_on_launch": false,
            "map_public_ip_on_launch": true,
            "outpost_arn": "",
            "owner_id": "366345536155",
            "private_dns_hostname_type_on_launch": "ip-name",
            "tags": {
              "Name": "Private Subnet East 1C"
            },
            "tags_all": {
              "Name": "Private Subnet East 1C"
            },
            "timeouts": null,
            "vpc_id": "vpc-0a68414df1bed32da"
          },
          "sensitive_attributes": [],
          "private": "eyJlMmJmYjczMC1lY2FhLTExZTYtOGY4OC0zNDM2M2JjN2M0YzAiOnsiY3JlYXRlIjo2MDAwMDAwMDAwMDAsImRlbGV0ZSI6MTIwMDAwMDAwMDAwMH0sInNjaGVtYV92ZXJzaW9uIjoiMSJ9",
          "dependencies": [
            "aws_vpc.vpc10"
          ]
        }
      ]
    },
    {
      "mode": "managed",
      "type": "aws_subnet",
      "name": "sn_vpc10_pub_1a",
      "provider": "provider[\"registry.terraform.io/hashicorp/aws\"]",
      "instances": [
        {
          "schema_version": 1,
          "attributes": {
            "arn": "arn:aws:ec2:us-east-1:366345536155:subnet/subnet-0e09faf6c32c60785",
            "assign_ipv6_address_on_creation": false,
            "availability_zone": "us-east-1a",
            "availability_zone_id": "use1-az1",
            "cidr_block": "10.0.1.0/24",
            "customer_owned_ipv4_pool": "",
            "enable_dns64": false,
            "enable_resource_name_dns_a_record_on_launch": false,
            "enable_resource_name_dns_aaaa_record_on_launch": false,
            "id": "subnet-0e09faf6c32c60785",
            "ipv6_cidr_block": "",
            "ipv6_cidr_block_association_id": "",
            "ipv6_native": false,
            "map_customer_owned_ip_on_launch": false,
            "map_public_ip_on_launch": true,
            "outpost_arn": "",
            "owner_id": "366345536155",
            "private_dns_hostname_type_on_launch": "ip-name",
            "tags": {
              "Name": "Public Subnet East 1A"
            },
            "tags_all": {
              "Name": "Public Subnet East 1A"
            },
            "timeouts": null,
            "vpc_id": "vpc-0a68414df1bed32da"
          },
          "sensitive_attributes": [],
          "private": "eyJlMmJmYjczMC1lY2FhLTExZTYtOGY4OC0zNDM2M2JjN2M0YzAiOnsiY3JlYXRlIjo2MDAwMDAwMDAwMDAsImRlbGV0ZSI6MTIwMDAwMDAwMDAwMH0sInNjaGVtYV92ZXJzaW9uIjoiMSJ9",
          "dependencies": [
            "aws_vpc.vpc10"
          ]
        }
      ]
    },
    {
      "mode": "managed",
      "type": "aws_subnet",
      "name": "sn_vpc10_pub_1c",
      "provider": "provider[\"registry.terraform.io/hashicorp/aws\"]",
      "instances": [
        {
          "schema_version": 1,
          "attributes": {
            "arn": "arn:aws:ec2:us-east-1:366345536155:subnet/subnet-0892ac4e4edc1ee53",
            "assign_ipv6_address_on_creation": false,
            "availability_zone": "us-east-1c",
            "availability_zone_id": "use1-az4",
            "cidr_block": "10.0.2.0/24",
            "customer_owned_ipv4_pool": "",
            "enable_dns64": false,
            "enable_resource_name_dns_a_record_on_launch": false,
            "enable_resource_name_dns_aaaa_record_on_launch": false,
            "id": "subnet-0892ac4e4edc1ee53",
            "ipv6_cidr_block": "",
            "ipv6_cidr_block_association_id": "",
            "ipv6_native": false,
            "map_customer_owned_ip_on_launch": false,
            "map_public_ip_on_launch": true,
            "outpost_arn": "",
            "owner_id": "366345536155",
            "private_dns_hostname_type_on_launch": "ip-name",
            "tags": {
              "Name": "Public Subnet East 1C"
            },
            "tags_all": {
              "Name": "Public Subnet East 1C"
            },
            "timeouts": null,
            "vpc_id": "vpc-0a68414df1bed32da"
          },
          "sensitive_attributes": [],
          "private": "eyJlMmJmYjczMC1lY2FhLTExZTYtOGY4OC0zNDM2M2JjN2M0YzAiOnsiY3JlYXRlIjo2MDAwMDAwMDAwMDAsImRlbGV0ZSI6MTIwMDAwMDAwMDAwMH0sInNjaGVtYV92ZXJzaW9uIjoiMSJ9",
          "dependencies": [
            "aws_vpc.vpc10"
          ]
        }
      ]
    },
    {
      "mode": "managed",
      "type": "aws_vpc",
      "name": "vpc10",
      "provider": "provider[\"registry.terraform.io/hashicorp/aws\"]",
      "instances": [
        {
          "schema_version": 1,
          "attributes": {
            "arn": "arn:aws:ec2:us-east-1:366345536155:vpc/vpc-0a68414df1bed32da",
            "assign_generated_ipv6_cidr_block": false,
            "cidr_block": "10.0.0.0/16",
            "default_network_acl_id": "acl-073e534a6cb9a86fd",
            "default_route_table_id": "rtb-08e16f00d4461da2b",
            "default_security_group_id": "sg-072078f2c2b833adb",
            "dhcp_options_id": "dopt-04a2a8fb71e213c08",
            "enable_classiclink": false,
            "enable_classiclink_dns_support": false,
            "enable_dns_hostnames": true,
            "enable_dns_support": true,
            "id": "vpc-0a68414df1bed32da",
            "instance_tenancy": "default",
            "ipv4_ipam_pool_id": null,
            "ipv4_netmask_length": null,
            "ipv6_association_id": "",
            "ipv6_cidr_block": "",
            "ipv6_cidr_block_network_border_group": "",
            "ipv6_ipam_pool_id": "",
            "ipv6_netmask_length": 0,
            "main_route_table_id": "rtb-08e16f00d4461da2b",
            "owner_id": "366345536155",
            "tags": {
              "Name": "Name VPC 10"
            },
            "tags_all": {
              "Name": "Name VPC 10"
            }
          },
          "sensitive_attributes": [],
          "private": "eyJzY2hlbWFfdmVyc2lvbiI6IjEifQ=="
        }
      ]
    }
  ]
}
