{
  "version": 4,
  "terraform_version": "1.2.1",
  "serial": 27,
  "lineage": "576e80d9-a5fd-8a11-7a51-ff417a63e512",
  "outputs": {},
  "resources": [
    {
      "module": "module.ec2",
      "mode": "data",
      "type": "template_file",
      "name": "user_data",
      "provider": "provider[\"registry.terraform.io/hashicorp/template\"]",
      "instances": [
        {
          "schema_version": 0,
          "attributes": {
            "filename": null,
            "id": "beba28b23d3501d09f0d59e114f0e880a81b1b5934850f97b1ed16712cd8f84a",
            "rendered": "#!/bin/bash\r\n\r\n# Update with latest packages\r\nyum update -y\r\n\r\n# Install Apache\r\nyum install -y httpd mysql php php-mysql php-mysqlnd php-pdo telnet tree git\r\n\r\n# Enable Apache service to start after reboot\r\nsudo systemctl enable httpd\r\n\r\n# Config connect to DB\r\ncat \u003c\u003cEOT \u003e\u003e /var/www/config.php\r\n\u003c?php\r\n\r\ndefine('DB_SERVER', 'rds-db-notifier.cphhdrjeao3z.us-east-1.rds.amazonaws.com:3306');\r\ndefine('DB_USERNAME', 'admin');\r\ndefine('DB_PASSWORD', 'adminpwd');\r\ndefine('DB_DATABASE', 'notifier');\r\n\r\n?\u003e\r\nEOT\r\n\r\n# Install application\r\ncd /tmp\r\ngit clone https://github.com/kledsonhugo/notifier\r\ncp /tmp/notifier/public/index.php /var/www/html/\r\n\r\n# Start Apache service\r\nservice httpd restart",
            "template": "#!/bin/bash\r\n\r\n# Update with latest packages\r\nyum update -y\r\n\r\n# Install Apache\r\nyum install -y httpd mysql php php-mysql php-mysqlnd php-pdo telnet tree git\r\n\r\n# Enable Apache service to start after reboot\r\nsudo systemctl enable httpd\r\n\r\n# Config connect to DB\r\ncat \u003c\u003cEOT \u003e\u003e /var/www/config.php\r\n\u003c?php\r\n\r\ndefine('DB_SERVER', '${rds_endpoint}');\r\ndefine('DB_USERNAME', '${rds_user}');\r\ndefine('DB_PASSWORD', '${rds_password}');\r\ndefine('DB_DATABASE', '${rds_name}');\r\n\r\n?\u003e\r\nEOT\r\n\r\n# Install application\r\ncd /tmp\r\ngit clone https://github.com/kledsonhugo/notifier\r\ncp /tmp/notifier/public/index.php /var/www/html/\r\n\r\n# Start Apache service\r\nservice httpd restart",
            "vars": {
              "rds_endpoint": "rds-db-notifier.cphhdrjeao3z.us-east-1.rds.amazonaws.com:3306",
              "rds_name": "notifier",
              "rds_password": "adminpwd",
              "rds_user": "admin"
            }
          },
          "sensitive_attributes": []
        }
      ]
    },
    {
      "module": "module.ec2",
      "mode": "managed",
      "type": "aws_autoscaling_group",
      "name": "asg_ws",
      "provider": "provider[\"registry.terraform.io/hashicorp/aws\"]",
      "instances": [
        {
          "schema_version": 0,
          "attributes": {
            "arn": "arn:aws:autoscaling:us-east-1:366345536155:autoScalingGroup:82c062e4-b9b2-4816-b8f8-cc5b1597177e:autoScalingGroupName/asg-ws",
            "availability_zones": [
              "us-east-1a",
              "us-east-1c"
            ],
            "capacity_rebalance": false,
            "default_cooldown": 300,
            "desired_capacity": 2,
            "enabled_metrics": null,
            "force_delete": false,
            "force_delete_warm_pool": false,
            "health_check_grace_period": 300,
            "health_check_type": "EC2",
            "id": "asg-ws",
            "initial_lifecycle_hook": [],
            "instance_refresh": [],
            "launch_configuration": "",
            "launch_template": [
              {
                "id": "lt-03466084d20b4633d",
                "name": "aws_lt",
                "version": "$Latest"
              }
            ],
            "load_balancers": null,
            "max_instance_lifetime": 0,
            "max_size": 4,
            "metrics_granularity": "1Minute",
            "min_elb_capacity": null,
            "min_size": 1,
            "mixed_instances_policy": [],
            "name": "asg-ws",
            "name_prefix": "",
            "placement_group": "",
            "protect_from_scale_in": false,
            "service_linked_role_arn": "arn:aws:iam::366345536155:role/aws-service-role/autoscaling.amazonaws.com/AWSServiceRoleForAutoScaling",
            "suspended_processes": null,
            "tag": [],
            "tags": null,
            "target_group_arns": [
              "arn:aws:elasticloadbalancing:us-east-1:366345536155:targetgroup/elb-aws/fe0f51cc7bad4f0d"
            ],
            "termination_policies": null,
            "timeouts": null,
            "vpc_zone_identifier": [
              "subnet-0472c4c2328f329c5",
              "subnet-08f1ace08112243de"
            ],
            "wait_for_capacity_timeout": "10m",
            "wait_for_elb_capacity": null,
            "warm_pool": []
          },
          "sensitive_attributes": [],
          "private": "eyJlMmJmYjczMC1lY2FhLTExZTYtOGY4OC0zNDM2M2JjN2M0YzAiOnsiZGVsZXRlIjo2MDAwMDAwMDAwMDB9fQ==",
          "dependencies": [
            "module.ec2.aws_launch_template.aws_lt",
            "module.ec2.aws_lb_target_group.elb-aws",
            "module.ec2.aws_security_group.sg_priv",
            "module.ec2.aws_security_group.sg_pub",
            "module.ec2.data.template_file.user_data",
            "module.rds.aws_db_instance.rds_db_notifier",
            "module.rds.aws_db_parameter_group.rds_vpc10_pg",
            "module.rds.aws_db_subnet_group.rds_vpc10_sn_group",
            "module.vpc.aws_subnet.sn_vpc10_pub_1a",
            "module.vpc.aws_subnet.sn_vpc10_pub_1c"
          ]
        }
      ]
    },
    {
      "module": "module.ec2",
      "mode": "managed",
      "type": "aws_launch_template",
      "name": "aws_lt",
      "provider": "provider[\"registry.terraform.io/hashicorp/aws\"]",
      "instances": [
        {
          "schema_version": 0,
          "attributes": {
            "arn": "arn:aws:ec2:us-east-1:366345536155:launch-template/lt-03466084d20b4633d",
            "block_device_mappings": [],
            "capacity_reservation_specification": [],
            "cpu_options": [],
            "credit_specification": [],
            "default_version": 1,
            "description": "",
            "disable_api_termination": false,
            "ebs_optimized": "",
            "elastic_gpu_specifications": [],
            "elastic_inference_accelerator": [],
            "enclave_options": [],
            "hibernation_options": [],
            "iam_instance_profile": [],
            "id": "lt-03466084d20b4633d",
            "image_id": "ami-02e136e904f3da870",
            "instance_initiated_shutdown_behavior": "",
            "instance_market_options": [],
            "instance_type": "t2.micro",
            "kernel_id": "",
            "key_name": "vockey",
            "latest_version": 1,
            "license_specification": [],
            "metadata_options": [],
            "monitoring": [],
            "name": "aws_lt",
            "name_prefix": "",
            "network_interfaces": [],
            "placement": [],
            "ram_disk_id": "",
            "security_group_names": null,
            "tag_specifications": [
              {
                "resource_type": "instance",
                "tags": {
                  "Name": "ws_"
                }
              }
            ],
            "tags": {
              "Name": "aws_lt"
            },
            "tags_all": {
              "Name": "aws_lt"
            },
            "update_default_version": null,
            "user_data": "IyEvYmluL2Jhc2gNCg0KIyBVcGRhdGUgd2l0aCBsYXRlc3QgcGFja2FnZXMNCnl1bSB1cGRhdGUgLXkNCg0KIyBJbnN0YWxsIEFwYWNoZQ0KeXVtIGluc3RhbGwgLXkgaHR0cGQgbXlzcWwgcGhwIHBocC1teXNxbCBwaHAtbXlzcWxuZCBwaHAtcGRvIHRlbG5ldCB0cmVlIGdpdA0KDQojIEVuYWJsZSBBcGFjaGUgc2VydmljZSB0byBzdGFydCBhZnRlciByZWJvb3QNCnN1ZG8gc3lzdGVtY3RsIGVuYWJsZSBodHRwZA0KDQojIENvbmZpZyBjb25uZWN0IHRvIERCDQpjYXQgPDxFT1QgPj4gL3Zhci93d3cvY29uZmlnLnBocA0KPD9waHANCg0KZGVmaW5lKCdEQl9TRVJWRVInLCAncmRzLWRiLW5vdGlmaWVyLmNwaGhkcmplYW8zei51cy1lYXN0LTEucmRzLmFtYXpvbmF3cy5jb206MzMwNicpOw0KZGVmaW5lKCdEQl9VU0VSTkFNRScsICdhZG1pbicpOw0KZGVmaW5lKCdEQl9QQVNTV09SRCcsICdhZG1pbnB3ZCcpOw0KZGVmaW5lKCdEQl9EQVRBQkFTRScsICdub3RpZmllcicpOw0KDQo/Pg0KRU9UDQoNCiMgSW5zdGFsbCBhcHBsaWNhdGlvbg0KY2QgL3RtcA0KZ2l0IGNsb25lIGh0dHBzOi8vZ2l0aHViLmNvbS9rbGVkc29uaHVnby9ub3RpZmllcg0KY3AgL3RtcC9ub3RpZmllci9wdWJsaWMvaW5kZXgucGhwIC92YXIvd3d3L2h0bWwvDQoNCiMgU3RhcnQgQXBhY2hlIHNlcnZpY2UNCnNlcnZpY2UgaHR0cGQgcmVzdGFydA==",
            "vpc_security_group_ids": [
              "sg-0848b7d3d782da3d5"
            ]
          },
          "sensitive_attributes": [],
          "private": "bnVsbA==",
          "dependencies": [
            "module.ec2.aws_security_group.sg_priv",
            "module.ec2.aws_security_group.sg_pub",
            "module.ec2.data.template_file.user_data",
            "module.rds.aws_db_instance.rds_db_notifier",
            "module.rds.aws_db_parameter_group.rds_vpc10_pg",
            "module.rds.aws_db_subnet_group.rds_vpc10_sn_group"
          ]
        }
      ]
    },
    {
      "module": "module.ec2",
      "mode": "managed",
      "type": "aws_lb",
      "name": "elb-ws",
      "provider": "provider[\"registry.terraform.io/hashicorp/aws\"]",
      "instances": [
        {
          "schema_version": 0,
          "attributes": {
            "access_logs": [
              {
                "bucket": "",
                "enabled": false,
                "prefix": ""
              }
            ],
            "arn": "arn:aws:elasticloadbalancing:us-east-1:366345536155:loadbalancer/app/elb-ws/6f58187eae475603",
            "arn_suffix": "app/elb-ws/6f58187eae475603",
            "customer_owned_ipv4_pool": "",
            "desync_mitigation_mode": "defensive",
            "dns_name": "elb-ws-323441921.us-east-1.elb.amazonaws.com",
            "drop_invalid_header_fields": false,
            "enable_cross_zone_load_balancing": null,
            "enable_deletion_protection": false,
            "enable_http2": true,
            "enable_waf_fail_open": false,
            "id": "arn:aws:elasticloadbalancing:us-east-1:366345536155:loadbalancer/app/elb-ws/6f58187eae475603",
            "idle_timeout": 60,
            "internal": false,
            "ip_address_type": "ipv4",
            "load_balancer_type": "application",
            "name": "elb-ws",
            "name_prefix": null,
            "security_groups": [
              "sg-0848b7d3d782da3d5"
            ],
            "subnet_mapping": [
              {
                "allocation_id": "",
                "ipv6_address": "",
                "outpost_id": "",
                "private_ipv4_address": "",
                "subnet_id": "subnet-0472c4c2328f329c5"
              },
              {
                "allocation_id": "",
                "ipv6_address": "",
                "outpost_id": "",
                "private_ipv4_address": "",
                "subnet_id": "subnet-08f1ace08112243de"
              }
            ],
            "subnets": [
              "subnet-0472c4c2328f329c5",
              "subnet-08f1ace08112243de"
            ],
            "tags": {
              "Name": "elb-ws"
            },
            "tags_all": {
              "Name": "elb-ws"
            },
            "timeouts": null,
            "vpc_id": "vpc-0b21d32ff760720b0",
            "zone_id": "Z35SXDOTRQ7X7K"
          },
          "sensitive_attributes": [],
          "private": "eyJlMmJmYjczMC1lY2FhLTExZTYtOGY4OC0zNDM2M2JjN2M0YzAiOnsiY3JlYXRlIjo2MDAwMDAwMDAwMDAsImRlbGV0ZSI6NjAwMDAwMDAwMDAwLCJ1cGRhdGUiOjYwMDAwMDAwMDAwMH19",
          "dependencies": [
            "module.ec2.aws_security_group.sg_pub",
            "module.vpc.aws_subnet.sn_vpc10_pub_1a",
            "module.vpc.aws_subnet.sn_vpc10_pub_1c"
          ]
        }
      ]
    },
    {
      "module": "module.ec2",
      "mode": "managed",
      "type": "aws_lb_listener",
      "name": "lis_vpc10",
      "provider": "provider[\"registry.terraform.io/hashicorp/aws\"]",
      "instances": [
        {
          "schema_version": 0,
          "attributes": {
            "alpn_policy": null,
            "arn": "arn:aws:elasticloadbalancing:us-east-1:366345536155:listener/app/elb-ws/6f58187eae475603/cba1c665afae32ba",
            "certificate_arn": null,
            "default_action": [
              {
                "authenticate_cognito": [],
                "authenticate_oidc": [],
                "fixed_response": [],
                "forward": [],
                "order": 1,
                "redirect": [],
                "target_group_arn": "arn:aws:elasticloadbalancing:us-east-1:366345536155:targetgroup/elb-aws/fe0f51cc7bad4f0d",
                "type": "forward"
              }
            ],
            "id": "arn:aws:elasticloadbalancing:us-east-1:366345536155:listener/app/elb-ws/6f58187eae475603/cba1c665afae32ba",
            "load_balancer_arn": "arn:aws:elasticloadbalancing:us-east-1:366345536155:loadbalancer/app/elb-ws/6f58187eae475603",
            "port": 80,
            "protocol": "HTTP",
            "ssl_policy": "",
            "tags": null,
            "tags_all": {},
            "timeouts": null
          },
          "sensitive_attributes": [],
          "private": "eyJlMmJmYjczMC1lY2FhLTExZTYtOGY4OC0zNDM2M2JjN2M0YzAiOnsicmVhZCI6NjAwMDAwMDAwMDAwfX0=",
          "dependencies": [
            "module.ec2.aws_lb.elb-ws",
            "module.ec2.aws_lb_target_group.elb-aws",
            "module.ec2.aws_security_group.sg_pub",
            "module.vpc.aws_subnet.sn_vpc10_pub_1a",
            "module.vpc.aws_subnet.sn_vpc10_pub_1c"
          ]
        }
      ]
    },
    {
      "module": "module.ec2",
      "mode": "managed",
      "type": "aws_lb_target_group",
      "name": "elb-aws",
      "provider": "provider[\"registry.terraform.io/hashicorp/aws\"]",
      "instances": [
        {
          "schema_version": 0,
          "attributes": {
            "arn": "arn:aws:elasticloadbalancing:us-east-1:366345536155:targetgroup/elb-aws/fe0f51cc7bad4f0d",
            "arn_suffix": "targetgroup/elb-aws/fe0f51cc7bad4f0d",
            "connection_termination": false,
            "deregistration_delay": "300",
            "health_check": [
              {
                "enabled": true,
                "healthy_threshold": 5,
                "interval": 30,
                "matcher": "200",
                "path": "/",
                "port": "traffic-port",
                "protocol": "HTTP",
                "timeout": 5,
                "unhealthy_threshold": 2
              }
            ],
            "id": "arn:aws:elasticloadbalancing:us-east-1:366345536155:targetgroup/elb-aws/fe0f51cc7bad4f0d",
            "lambda_multi_value_headers_enabled": false,
            "load_balancing_algorithm_type": "round_robin",
            "name": "elb-aws",
            "name_prefix": null,
            "port": 80,
            "preserve_client_ip": null,
            "protocol": "HTTP",
            "protocol_version": "HTTP1",
            "proxy_protocol_v2": false,
            "slow_start": 0,
            "stickiness": [
              {
                "cookie_duration": 86400,
                "cookie_name": "",
                "enabled": false,
                "type": "lb_cookie"
              }
            ],
            "tags": {
              "Name": "elb-aws"
            },
            "tags_all": {
              "Name": "elb-aws"
            },
            "target_type": "instance",
            "vpc_id": "vpc-0b21d32ff760720b0"
          },
          "sensitive_attributes": [],
          "private": "bnVsbA==",
          "dependencies": [
            "module.vpc.aws_vpc.vpc10"
          ]
        }
      ]
    },
    {
      "module": "module.ec2",
      "mode": "managed",
      "type": "aws_security_group",
      "name": "sg_priv",
      "provider": "provider[\"registry.terraform.io/hashicorp/aws\"]",
      "instances": [
        {
          "schema_version": 1,
          "attributes": {
            "arn": "arn:aws:ec2:us-east-1:366345536155:security-group/sg-032e0fe3077cc0230",
            "description": "Security Group private",
            "egress": [
              {
                "cidr_blocks": [
                  "0.0.0.0/0"
                ],
                "description": "All to All",
                "from_port": 0,
                "ipv6_cidr_blocks": [],
                "prefix_list_ids": [],
                "protocol": "-1",
                "security_groups": [],
                "self": false,
                "to_port": 0
              }
            ],
            "id": "sg-032e0fe3077cc0230",
            "ingress": [
              {
                "cidr_blocks": [
                  "10.0.0.0/16"
                ],
                "description": "All from 10.0.0.0/16",
                "from_port": 3306,
                "ipv6_cidr_blocks": [],
                "prefix_list_ids": [],
                "protocol": "tcp",
                "security_groups": [],
                "self": false,
                "to_port": 3306
              }
            ],
            "name": "sg_priv",
            "name_prefix": "",
            "owner_id": "366345536155",
            "revoke_rules_on_delete": false,
            "tags": {
              "Name": "sg_priv"
            },
            "tags_all": {
              "Name": "sg_priv"
            },
            "timeouts": null,
            "vpc_id": "vpc-0b21d32ff760720b0"
          },
          "sensitive_attributes": [],
          "private": "eyJlMmJmYjczMC1lY2FhLTExZTYtOGY4OC0zNDM2M2JjN2M0YzAiOnsiY3JlYXRlIjo2MDAwMDAwMDAwMDAsImRlbGV0ZSI6OTAwMDAwMDAwMDAwfSwic2NoZW1hX3ZlcnNpb24iOiIxIn0=",
          "dependencies": [
            "module.vpc.aws_vpc.vpc10"
          ]
        }
      ]
    },
    {
      "module": "module.ec2",
      "mode": "managed",
      "type": "aws_security_group",
      "name": "sg_pub",
      "provider": "provider[\"registry.terraform.io/hashicorp/aws\"]",
      "instances": [
        {
          "schema_version": 1,
          "attributes": {
            "arn": "arn:aws:ec2:us-east-1:366345536155:security-group/sg-0848b7d3d782da3d5",
            "description": "Security Group public",
            "egress": [
              {
                "cidr_blocks": [
                  "0.0.0.0/0"
                ],
                "description": "All to All",
                "from_port": 0,
                "ipv6_cidr_blocks": [],
                "prefix_list_ids": [],
                "protocol": "-1",
                "security_groups": [],
                "self": false,
                "to_port": 0
              }
            ],
            "id": "sg-0848b7d3d782da3d5",
            "ingress": [
              {
                "cidr_blocks": [
                  "0.0.0.0/0"
                ],
                "description": "TCP/22 from All",
                "from_port": 22,
                "ipv6_cidr_blocks": [],
                "prefix_list_ids": [],
                "protocol": "tcp",
                "security_groups": [],
                "self": false,
                "to_port": 22
              },
              {
                "cidr_blocks": [
                  "0.0.0.0/0"
                ],
                "description": "TCP/80 from All",
                "from_port": 80,
                "ipv6_cidr_blocks": [],
                "prefix_list_ids": [],
                "protocol": "tcp",
                "security_groups": [],
                "self": false,
                "to_port": 80
              },
              {
                "cidr_blocks": [
                  "10.0.0.0/16"
                ],
                "description": "All from 10.0.0.0/16",
                "from_port": 0,
                "ipv6_cidr_blocks": [],
                "prefix_list_ids": [],
                "protocol": "-1",
                "security_groups": [],
                "self": false,
                "to_port": 0
              }
            ],
            "name": "sg_pub",
            "name_prefix": "",
            "owner_id": "366345536155",
            "revoke_rules_on_delete": false,
            "tags": {
              "Name": "sg_pub"
            },
            "tags_all": {
              "Name": "sg_pub"
            },
            "timeouts": null,
            "vpc_id": "vpc-0b21d32ff760720b0"
          },
          "sensitive_attributes": [],
          "private": "eyJlMmJmYjczMC1lY2FhLTExZTYtOGY4OC0zNDM2M2JjN2M0YzAiOnsiY3JlYXRlIjo2MDAwMDAwMDAwMDAsImRlbGV0ZSI6OTAwMDAwMDAwMDAwfSwic2NoZW1hX3ZlcnNpb24iOiIxIn0=",
          "dependencies": [
            "module.vpc.aws_vpc.vpc10"
          ]
        }
      ]
    },
    {
      "module": "module.rds",
      "mode": "managed",
      "type": "aws_db_instance",
      "name": "rds_db_notifier",
      "provider": "provider[\"registry.terraform.io/hashicorp/aws\"]",
      "instances": [
        {
          "schema_version": 1,
          "attributes": {
            "address": "rds-db-notifier.cphhdrjeao3z.us-east-1.rds.amazonaws.com",
            "allocated_storage": 20,
            "allow_major_version_upgrade": null,
            "apply_immediately": null,
            "arn": "arn:aws:rds:us-east-1:366345536155:db:rds-db-notifier",
            "auto_minor_version_upgrade": true,
            "availability_zone": "us-east-1a",
            "backup_retention_period": 0,
            "backup_window": "10:16-10:46",
            "ca_cert_identifier": "rds-ca-2019",
            "character_set_name": "",
            "copy_tags_to_snapshot": false,
            "customer_owned_ip_enabled": false,
            "db_subnet_group_name": "rds_vpc10_sn_group",
            "delete_automated_backups": true,
            "deletion_protection": false,
            "domain": "",
            "domain_iam_role_name": "",
            "enabled_cloudwatch_logs_exports": null,
            "endpoint": "rds-db-notifier.cphhdrjeao3z.us-east-1.rds.amazonaws.com:3306",
            "engine": "mysql",
            "engine_version": "8.0.23",
            "engine_version_actual": "8.0.23",
            "final_snapshot_identifier": null,
            "hosted_zone_id": "Z2R2ITUGPM61AM",
            "iam_database_authentication_enabled": false,
            "id": "rds-db-notifier",
            "identifier": "rds-db-notifier",
            "identifier_prefix": null,
            "instance_class": "db.t3.small",
            "iops": 0,
            "kms_key_id": "",
            "latest_restorable_time": "0001-01-01T00:00:00Z",
            "license_model": "general-public-license",
            "maintenance_window": "tue:06:00-tue:06:30",
            "max_allocated_storage": 0,
            "monitoring_interval": 0,
            "monitoring_role_arn": "",
            "multi_az": true,
            "name": "notifier",
            "nchar_character_set_name": "",
            "option_group_name": "default:mysql-8-0",
            "parameter_group_name": "rds-vpc10-pg",
            "password": "adminpwd",
            "performance_insights_enabled": false,
            "performance_insights_kms_key_id": "",
            "performance_insights_retention_period": 0,
            "port": 3306,
            "publicly_accessible": false,
            "replica_mode": "",
            "replicas": [],
            "replicate_source_db": "",
            "resource_id": "db-LCSYMHYNSVVPNCYPUQLTFAWYRQ",
            "restore_to_point_in_time": [],
            "s3_import": [],
            "security_group_names": null,
            "skip_final_snapshot": true,
            "snapshot_identifier": null,
            "status": "available",
            "storage_encrypted": false,
            "storage_type": "gp2",
            "tags": {
              "Name": "rds-db-notifier"
            },
            "tags_all": {
              "Name": "rds-db-notifier"
            },
            "timeouts": null,
            "timezone": "",
            "username": "admin",
            "vpc_security_group_ids": [
              "sg-032e0fe3077cc0230"
            ]
          },
          "sensitive_attributes": [],
          "private": "eyJlMmJmYjczMC1lY2FhLTExZTYtOGY4OC0zNDM2M2JjN2M0YzAiOnsiY3JlYXRlIjoyNDAwMDAwMDAwMDAwLCJkZWxldGUiOjM2MDAwMDAwMDAwMDAsInVwZGF0ZSI6NDgwMDAwMDAwMDAwMH0sInNjaGVtYV92ZXJzaW9uIjoiMSJ9",
          "dependencies": [
            "module.ec2.aws_security_group.sg_priv",
            "module.rds.aws_db_parameter_group.rds_vpc10_pg",
            "module.rds.aws_db_subnet_group.rds_vpc10_sn_group"
          ]
        }
      ]
    },
    {
      "module": "module.rds",
      "mode": "managed",
      "type": "aws_db_parameter_group",
      "name": "rds_vpc10_pg",
      "provider": "provider[\"registry.terraform.io/hashicorp/aws\"]",
      "instances": [
        {
          "schema_version": 0,
          "attributes": {
            "arn": "arn:aws:rds:us-east-1:366345536155:pg:rds-vpc10-pg",
            "description": "Managed by Terraform",
            "family": "mysql8.0",
            "id": "rds-vpc10-pg",
            "name": "rds-vpc10-pg",
            "name_prefix": null,
            "parameter": [
              {
                "apply_method": "immediate",
                "name": "character_set_client",
                "value": "utf8"
              },
              {
                "apply_method": "immediate",
                "name": "character_set_server",
                "value": "utf8"
              }
            ],
            "tags": {},
            "tags_all": {}
          },
          "sensitive_attributes": [],
          "private": "bnVsbA=="
        }
      ]
    },
    {
      "module": "module.rds",
      "mode": "managed",
      "type": "aws_db_subnet_group",
      "name": "rds_vpc10_sn_group",
      "provider": "provider[\"registry.terraform.io/hashicorp/aws\"]",
      "instances": [
        {
          "schema_version": 0,
          "attributes": {
            "arn": "arn:aws:rds:us-east-1:366345536155:subgrp:rds_vpc10_sn_group",
            "description": "Managed by Terraform",
            "id": "rds_vpc10_sn_group",
            "name": "rds_vpc10_sn_group",
            "name_prefix": null,
            "subnet_ids": [
              "subnet-05ebef2268072ce75",
              "subnet-06aa9f1d7da5e5d28"
            ],
            "tags": {
              "Name": "rds_vpc10_sn_group"
            },
            "tags_all": {
              "Name": "rds_vpc10_sn_group"
            }
          },
          "sensitive_attributes": [],
          "private": "bnVsbA==",
          "dependencies": [
            "module.vpc.aws_subnet.sn_vpc10_priv_1a",
            "module.vpc.aws_subnet.sn_vpc10_priv_1c",
            "module.vpc.aws_vpc.vpc10"
          ]
        }
      ]
    },
    {
      "module": "module.vpc",
      "mode": "managed",
      "type": "aws_internet_gateway",
      "name": "igw_vpc10",
      "provider": "provider[\"registry.terraform.io/hashicorp/aws\"]",
      "instances": [
        {
          "schema_version": 0,
          "attributes": {
            "arn": "arn:aws:ec2:us-east-1:366345536155:internet-gateway/igw-0819fd085ed638e54",
            "id": "igw-0819fd085ed638e54",
            "owner_id": "366345536155",
            "tags": {
              "Name": "igw_vpc10"
            },
            "tags_all": {
              "Name": "igw_vpc10"
            },
            "vpc_id": "vpc-0b21d32ff760720b0"
          },
          "sensitive_attributes": [],
          "private": "bnVsbA==",
          "dependencies": [
            "module.vpc.aws_vpc.vpc10"
          ]
        }
      ]
    },
    {
      "module": "module.vpc",
      "mode": "managed",
      "type": "aws_route_table",
      "name": "rt_vpc10_priv",
      "provider": "provider[\"registry.terraform.io/hashicorp/aws\"]",
      "instances": [
        {
          "schema_version": 0,
          "attributes": {
            "arn": "arn:aws:ec2:us-east-1:366345536155:route-table/rtb-0ee96be3eda736bbc",
            "id": "rtb-0ee96be3eda736bbc",
            "owner_id": "366345536155",
            "propagating_vgws": [],
            "route": [],
            "tags": {
              "Name": "rt_vpc10_priv"
            },
            "tags_all": {
              "Name": "rt_vpc10_priv"
            },
            "timeouts": null,
            "vpc_id": "vpc-0b21d32ff760720b0"
          },
          "sensitive_attributes": [],
          "private": "eyJlMmJmYjczMC1lY2FhLTExZTYtOGY4OC0zNDM2M2JjN2M0YzAiOnsiY3JlYXRlIjozMDAwMDAwMDAwMDAsImRlbGV0ZSI6MzAwMDAwMDAwMDAwLCJ1cGRhdGUiOjEyMDAwMDAwMDAwMH19",
          "dependencies": [
            "module.vpc.aws_vpc.vpc10"
          ]
        }
      ]
    },
    {
      "module": "module.vpc",
      "mode": "managed",
      "type": "aws_route_table",
      "name": "rt_vpc10_pub",
      "provider": "provider[\"registry.terraform.io/hashicorp/aws\"]",
      "instances": [
        {
          "schema_version": 0,
          "attributes": {
            "arn": "arn:aws:ec2:us-east-1:366345536155:route-table/rtb-0f8ae9030c5f3398a",
            "id": "rtb-0f8ae9030c5f3398a",
            "owner_id": "366345536155",
            "propagating_vgws": [],
            "route": [
              {
                "carrier_gateway_id": "",
                "cidr_block": "0.0.0.0/0",
                "destination_prefix_list_id": "",
                "egress_only_gateway_id": "",
                "gateway_id": "igw-0819fd085ed638e54",
                "instance_id": "",
                "ipv6_cidr_block": "",
                "local_gateway_id": "",
                "nat_gateway_id": "",
                "network_interface_id": "",
                "transit_gateway_id": "",
                "vpc_endpoint_id": "",
                "vpc_peering_connection_id": ""
              }
            ],
            "tags": {
              "Name": "rt_vpc10_pub"
            },
            "tags_all": {
              "Name": "rt_vpc10_pub"
            },
            "timeouts": null,
            "vpc_id": "vpc-0b21d32ff760720b0"
          },
          "sensitive_attributes": [],
          "private": "eyJlMmJmYjczMC1lY2FhLTExZTYtOGY4OC0zNDM2M2JjN2M0YzAiOnsiY3JlYXRlIjozMDAwMDAwMDAwMDAsImRlbGV0ZSI6MzAwMDAwMDAwMDAwLCJ1cGRhdGUiOjEyMDAwMDAwMDAwMH19",
          "dependencies": [
            "module.vpc.aws_internet_gateway.igw_vpc10",
            "module.vpc.aws_vpc.vpc10"
          ]
        }
      ]
    },
    {
      "module": "module.vpc",
      "mode": "managed",
      "type": "aws_route_table_association",
      "name": "sa_priv_1a_subnet",
      "provider": "provider[\"registry.terraform.io/hashicorp/aws\"]",
      "instances": [
        {
          "schema_version": 0,
          "attributes": {
            "gateway_id": "",
            "id": "rtbassoc-0ea6054d478e86cfb",
            "route_table_id": "rtb-0ee96be3eda736bbc",
            "subnet_id": "subnet-06aa9f1d7da5e5d28"
          },
          "sensitive_attributes": [],
          "private": "bnVsbA==",
          "dependencies": [
            "module.vpc.aws_route_table.rt_vpc10_priv",
            "module.vpc.aws_subnet.sn_vpc10_priv_1a",
            "module.vpc.aws_vpc.vpc10"
          ]
        }
      ]
    },
    {
      "module": "module.vpc",
      "mode": "managed",
      "type": "aws_route_table_association",
      "name": "sa_priv_1c_subnet",
      "provider": "provider[\"registry.terraform.io/hashicorp/aws\"]",
      "instances": [
        {
          "schema_version": 0,
          "attributes": {
            "gateway_id": "",
            "id": "rtbassoc-07a2b7c5b303f053d",
            "route_table_id": "rtb-0ee96be3eda736bbc",
            "subnet_id": "subnet-05ebef2268072ce75"
          },
          "sensitive_attributes": [],
          "private": "bnVsbA==",
          "dependencies": [
            "module.vpc.aws_route_table.rt_vpc10_priv",
            "module.vpc.aws_subnet.sn_vpc10_priv_1c",
            "module.vpc.aws_vpc.vpc10"
          ]
        }
      ]
    },
    {
      "module": "module.vpc",
      "mode": "managed",
      "type": "aws_route_table_association",
      "name": "sa_pub_1a_subnet",
      "provider": "provider[\"registry.terraform.io/hashicorp/aws\"]",
      "instances": [
        {
          "schema_version": 0,
          "attributes": {
            "gateway_id": "",
            "id": "rtbassoc-09959748a74106d23",
            "route_table_id": "rtb-0f8ae9030c5f3398a",
            "subnet_id": "subnet-08f1ace08112243de"
          },
          "sensitive_attributes": [],
          "private": "bnVsbA==",
          "dependencies": [
            "module.vpc.aws_internet_gateway.igw_vpc10",
            "module.vpc.aws_route_table.rt_vpc10_pub",
            "module.vpc.aws_subnet.sn_vpc10_pub_1a",
            "module.vpc.aws_vpc.vpc10"
          ]
        }
      ]
    },
    {
      "module": "module.vpc",
      "mode": "managed",
      "type": "aws_route_table_association",
      "name": "sa_pub_1c_subnet",
      "provider": "provider[\"registry.terraform.io/hashicorp/aws\"]",
      "instances": [
        {
          "schema_version": 0,
          "attributes": {
            "gateway_id": "",
            "id": "rtbassoc-05a91a930699c4e2b",
            "route_table_id": "rtb-0f8ae9030c5f3398a",
            "subnet_id": "subnet-0472c4c2328f329c5"
          },
          "sensitive_attributes": [],
          "private": "bnVsbA==",
          "dependencies": [
            "module.vpc.aws_internet_gateway.igw_vpc10",
            "module.vpc.aws_route_table.rt_vpc10_pub",
            "module.vpc.aws_subnet.sn_vpc10_pub_1c",
            "module.vpc.aws_vpc.vpc10"
          ]
        }
      ]
    },
    {
      "module": "module.vpc",
      "mode": "managed",
      "type": "aws_subnet",
      "name": "sn_vpc10_priv_1a",
      "provider": "provider[\"registry.terraform.io/hashicorp/aws\"]",
      "instances": [
        {
          "schema_version": 1,
          "attributes": {
            "arn": "arn:aws:ec2:us-east-1:366345536155:subnet/subnet-06aa9f1d7da5e5d28",
            "assign_ipv6_address_on_creation": false,
            "availability_zone": "us-east-1a",
            "availability_zone_id": "use1-az1",
            "cidr_block": "10.0.3.0/24",
            "customer_owned_ipv4_pool": "",
            "enable_dns64": false,
            "enable_resource_name_dns_a_record_on_launch": false,
            "enable_resource_name_dns_aaaa_record_on_launch": false,
            "id": "subnet-06aa9f1d7da5e5d28",
            "ipv6_cidr_block": "",
            "ipv6_cidr_block_association_id": "",
            "ipv6_native": false,
            "map_customer_owned_ip_on_launch": false,
            "map_public_ip_on_launch": false,
            "outpost_arn": "",
            "owner_id": "366345536155",
            "private_dns_hostname_type_on_launch": "ip-name",
            "tags": {
              "Name": "sn_vpc10_priv_1a"
            },
            "tags_all": {
              "Name": "sn_vpc10_priv_1a"
            },
            "timeouts": null,
            "vpc_id": "vpc-0b21d32ff760720b0"
          },
          "sensitive_attributes": [],
          "private": "eyJlMmJmYjczMC1lY2FhLTExZTYtOGY4OC0zNDM2M2JjN2M0YzAiOnsiY3JlYXRlIjo2MDAwMDAwMDAwMDAsImRlbGV0ZSI6MTIwMDAwMDAwMDAwMH0sInNjaGVtYV92ZXJzaW9uIjoiMSJ9",
          "dependencies": [
            "module.vpc.aws_vpc.vpc10"
          ]
        }
      ]
    },
    {
      "module": "module.vpc",
      "mode": "managed",
      "type": "aws_subnet",
      "name": "sn_vpc10_priv_1c",
      "provider": "provider[\"registry.terraform.io/hashicorp/aws\"]",
      "instances": [
        {
          "schema_version": 1,
          "attributes": {
            "arn": "arn:aws:ec2:us-east-1:366345536155:subnet/subnet-05ebef2268072ce75",
            "assign_ipv6_address_on_creation": false,
            "availability_zone": "us-east-1c",
            "availability_zone_id": "use1-az4",
            "cidr_block": "10.0.4.0/24",
            "customer_owned_ipv4_pool": "",
            "enable_dns64": false,
            "enable_resource_name_dns_a_record_on_launch": false,
            "enable_resource_name_dns_aaaa_record_on_launch": false,
            "id": "subnet-05ebef2268072ce75",
            "ipv6_cidr_block": "",
            "ipv6_cidr_block_association_id": "",
            "ipv6_native": false,
            "map_customer_owned_ip_on_launch": false,
            "map_public_ip_on_launch": false,
            "outpost_arn": "",
            "owner_id": "366345536155",
            "private_dns_hostname_type_on_launch": "ip-name",
            "tags": {
              "Name": "sn_vpc10_priv_1c"
            },
            "tags_all": {
              "Name": "sn_vpc10_priv_1c"
            },
            "timeouts": null,
            "vpc_id": "vpc-0b21d32ff760720b0"
          },
          "sensitive_attributes": [],
          "private": "eyJlMmJmYjczMC1lY2FhLTExZTYtOGY4OC0zNDM2M2JjN2M0YzAiOnsiY3JlYXRlIjo2MDAwMDAwMDAwMDAsImRlbGV0ZSI6MTIwMDAwMDAwMDAwMH0sInNjaGVtYV92ZXJzaW9uIjoiMSJ9",
          "dependencies": [
            "module.vpc.aws_vpc.vpc10"
          ]
        }
      ]
    },
    {
      "module": "module.vpc",
      "mode": "managed",
      "type": "aws_subnet",
      "name": "sn_vpc10_pub_1a",
      "provider": "provider[\"registry.terraform.io/hashicorp/aws\"]",
      "instances": [
        {
          "schema_version": 1,
          "attributes": {
            "arn": "arn:aws:ec2:us-east-1:366345536155:subnet/subnet-08f1ace08112243de",
            "assign_ipv6_address_on_creation": false,
            "availability_zone": "us-east-1a",
            "availability_zone_id": "use1-az1",
            "cidr_block": "10.0.1.0/24",
            "customer_owned_ipv4_pool": "",
            "enable_dns64": false,
            "enable_resource_name_dns_a_record_on_launch": false,
            "enable_resource_name_dns_aaaa_record_on_launch": false,
            "id": "subnet-08f1ace08112243de",
            "ipv6_cidr_block": "",
            "ipv6_cidr_block_association_id": "",
            "ipv6_native": false,
            "map_customer_owned_ip_on_launch": false,
            "map_public_ip_on_launch": true,
            "outpost_arn": "",
            "owner_id": "366345536155",
            "private_dns_hostname_type_on_launch": "ip-name",
            "tags": {
              "Name": "sn_vpc10_pub_1a"
            },
            "tags_all": {
              "Name": "sn_vpc10_pub_1a"
            },
            "timeouts": null,
            "vpc_id": "vpc-0b21d32ff760720b0"
          },
          "sensitive_attributes": [],
          "private": "eyJlMmJmYjczMC1lY2FhLTExZTYtOGY4OC0zNDM2M2JjN2M0YzAiOnsiY3JlYXRlIjo2MDAwMDAwMDAwMDAsImRlbGV0ZSI6MTIwMDAwMDAwMDAwMH0sInNjaGVtYV92ZXJzaW9uIjoiMSJ9",
          "dependencies": [
            "module.vpc.aws_vpc.vpc10"
          ]
        }
      ]
    },
    {
      "module": "module.vpc",
      "mode": "managed",
      "type": "aws_subnet",
      "name": "sn_vpc10_pub_1c",
      "provider": "provider[\"registry.terraform.io/hashicorp/aws\"]",
      "instances": [
        {
          "schema_version": 1,
          "attributes": {
            "arn": "arn:aws:ec2:us-east-1:366345536155:subnet/subnet-0472c4c2328f329c5",
            "assign_ipv6_address_on_creation": false,
            "availability_zone": "us-east-1c",
            "availability_zone_id": "use1-az4",
            "cidr_block": "10.0.2.0/24",
            "customer_owned_ipv4_pool": "",
            "enable_dns64": false,
            "enable_resource_name_dns_a_record_on_launch": false,
            "enable_resource_name_dns_aaaa_record_on_launch": false,
            "id": "subnet-0472c4c2328f329c5",
            "ipv6_cidr_block": "",
            "ipv6_cidr_block_association_id": "",
            "ipv6_native": false,
            "map_customer_owned_ip_on_launch": false,
            "map_public_ip_on_launch": true,
            "outpost_arn": "",
            "owner_id": "366345536155",
            "private_dns_hostname_type_on_launch": "ip-name",
            "tags": {
              "Name": "sn_vpc10_pub_1c"
            },
            "tags_all": {
              "Name": "sn_vpc10_pub_1c"
            },
            "timeouts": null,
            "vpc_id": "vpc-0b21d32ff760720b0"
          },
          "sensitive_attributes": [],
          "private": "eyJlMmJmYjczMC1lY2FhLTExZTYtOGY4OC0zNDM2M2JjN2M0YzAiOnsiY3JlYXRlIjo2MDAwMDAwMDAwMDAsImRlbGV0ZSI6MTIwMDAwMDAwMDAwMH0sInNjaGVtYV92ZXJzaW9uIjoiMSJ9",
          "dependencies": [
            "module.vpc.aws_vpc.vpc10"
          ]
        }
      ]
    },
    {
      "module": "module.vpc",
      "mode": "managed",
      "type": "aws_vpc",
      "name": "vpc10",
      "provider": "provider[\"registry.terraform.io/hashicorp/aws\"]",
      "instances": [
        {
          "schema_version": 1,
          "attributes": {
            "arn": "arn:aws:ec2:us-east-1:366345536155:vpc/vpc-0b21d32ff760720b0",
            "assign_generated_ipv6_cidr_block": false,
            "cidr_block": "10.0.0.0/16",
            "default_network_acl_id": "acl-09978e1675a63ce18",
            "default_route_table_id": "rtb-0bc1aa23acf6ba548",
            "default_security_group_id": "sg-0bbb05f674abcda69",
            "dhcp_options_id": "dopt-04a2a8fb71e213c08",
            "enable_classiclink": false,
            "enable_classiclink_dns_support": false,
            "enable_dns_hostnames": true,
            "enable_dns_support": true,
            "id": "vpc-0b21d32ff760720b0",
            "instance_tenancy": "default",
            "ipv4_ipam_pool_id": null,
            "ipv4_netmask_length": null,
            "ipv6_association_id": "",
            "ipv6_cidr_block": "",
            "ipv6_cidr_block_network_border_group": "",
            "ipv6_ipam_pool_id": "",
            "ipv6_netmask_length": 0,
            "main_route_table_id": "rtb-0bc1aa23acf6ba548",
            "owner_id": "366345536155",
            "tags": {
              "Name": "vpc10"
            },
            "tags_all": {
              "Name": "vpc10"
            }
          },
          "sensitive_attributes": [],
          "private": "eyJzY2hlbWFfdmVyc2lvbiI6IjEifQ=="
        }
      ]
    }
  ]
}
